github.com/davidsneighbour/dnb-hugo v0.0.0-20201125043416-4d6b214b1f5c h1:MzgsMASDtlL9rhcMGmz/o7Lo2amJIkLo0Nmzj6caaKE=
github.com/davidsneighbour/dnb-hugo-libs v0.0.0-20201123131104-85ba4a4d2386 h1:nOwT1O/xu5edcaYt5ikXpIU7w0GTWc5KVgOcezoD/no=
github.com/davidsneighbour/dnb-hugo-libs/bootstrap-icons v1.2.1 h1:Sa/ORsAkveCHEi2VbzP0sfy2NSgqPzQS7Qiw8hiG7LI=
github.com/davidsneighbour/dnb-hugo-libs/bootstrap-icons v1.2.1/go.mod h1:oGgwUl7dgGSrYVjdD5AyJGCIDanLcFDFFp4WYtYKLQM=
github.com/davidsneighbour/dnb-hugo-libs/bootstrap4 v1.0.1 h1:nqQ7NgPIwIPATLFJ5iezRk0/ojogVh4dKm7XvCDGro0=
github.com/davidsneighbour/dnb-hugo-libs/bootstrap4 v1.0.1/go.mod h1:ak+/T98Hi7MeW1THUvPUhIYB7ADVpyhPxNLCWo64LZs=
github.com/davidsneighbour/dnb-hugo/favicon v1.0.2 h1:Ue5a5DYn3CqfTMvtKJ85zYRZAV028rdGfkcIaOoexn4=
github.com/davidsneighbour/dnb-hugo/favicon v1.0.2/go.mod h1:SRkPMNvm5VIKEgPQpSmpTrfYn6jZbwB+yse9VT1+TtM=
github.com/davidsneighbour/dnb-hugo/functions v1.0.0 h1:V9oOCHZ93EMGKz1HAj8wJYi7qCF8RlulsTdY9zhCrz4=
github.com/davidsneighbour/dnb-hugo/functions v1.0.0/go.mod h1:5kOoyR3Rlv17+cLHlHDB6zAW1str9rimVSItLAVkmb0=
github.com/davidsneighbour/dnb-hugo/netlification v1.0.15 h1:vvAxtCqN3C3g4eb9cNNRFwyUPRAXotp/nbK9YLRw8Qc=
github.com/davidsneighbour/dnb-hugo/netlification v1.0.15/go.mod h1:l25A7Y78MbMI44bRNxul1xX8AQzzLJiIprmYcP6soko=
github.com/davidsneighbour/dnb-hugo/robots v1.0.1 h1:UGx/6qdfLTtw/2NauQ0GaAiGn/OJHzrJA3RHusbjl/0=
github.com/davidsneighbour/dnb-hugo/robots v1.0.1/go.mod h1:g57/Gh2K0tvpvhB404Wf9pJKB7o2hwyBLIRJdEjc8Ac=
github.com/davidsneighbour/dnb-hugo/shortcodes v1.0.9 h1:0BcU+29TI+kf0zZfAsRx9qpxFAIkoo37+XpP8JdfChw=
github.com/davidsneighbour/dnb-hugo/shortcodes v1.0.9/go.mod h1:odInrnmgliJ522wT0cumyU1YUf0FQvkqK/0Jri1K9ao=
github.com/davidsneighbour/dnb-hugo/sitemap v1.0.1 h1:SbWkkoqfh5ymR++v+yiv/uT1KURljxABktMr1/CGJlc=
github.com/davidsneighbour/dnb-hugo/sitemap v1.0.1/go.mod h1:9BE+XEnqFwqJLNcGaxoO7Cg3YB+2u60GOWACIDYq880=
github.com/twbs/bootstrap v4.5.3+incompatible/go.mod h1:fZTSrkpSf0/HkL0IIJzvVspTt1r9zuf7XlZau8kpcY0=
github.com/twbs/icons v1.1.0/go.mod h1:GnRlymgVWp5iVJCMa0Me5b6tFyGpVc2bSxPMRGIJmyA=
